// !$*UTF8*$!
{
	archiveVersion = 1;
	classes = {
	};
	objectVersion = 55;
	objects = {

/* Begin PBXBuildFile section */
		8B1142FD2885ABC7004B7719 /* cities.json in Resources */ = {isa = PBXBuildFile; fileRef = 8B1142FC2885ABC7004B7719 /* cities.json */; };
		8B28CE9E287D9EFF00A6E249 /* CityNameModel.swift in Sources */ = {isa = PBXBuildFile; fileRef = 8B28CE9D287D9EFF00A6E249 /* CityNameModel.swift */; };
		8B8C15D3287B012F0007A136 /* AppDelegate.swift in Sources */ = {isa = PBXBuildFile; fileRef = 8B8C15D2287B012F0007A136 /* AppDelegate.swift */; };
		8B8C15D7287B012F0007A136 /* ViewController.swift in Sources */ = {isa = PBXBuildFile; fileRef = 8B8C15D6287B012F0007A136 /* ViewController.swift */; };
		8B8C15DA287B012F0007A136 /* Main.storyboard in Resources */ = {isa = PBXBuildFile; fileRef = 8B8C15D8287B012F0007A136 /* Main.storyboard */; };
		8B8C15DC287B01350007A136 /* Assets.xcassets in Resources */ = {isa = PBXBuildFile; fileRef = 8B8C15DB287B01350007A136 /* Assets.xcassets */; };
		8B8C15DF287B01350007A136 /* LaunchScreen.storyboard in Resources */ = {isa = PBXBuildFile; fileRef = 8B8C15DD287B01350007A136 /* LaunchScreen.storyboard */; };
		8B8C15E9287B41DD0007A136 /* CityModel.swift in Sources */ = {isa = PBXBuildFile; fileRef = 8B8C15E8287B41DD0007A136 /* CityModel.swift */; };
/* End PBXBuildFile section */

/* Begin PBXFileReference section */
		8B1142FC2885ABC7004B7719 /* cities.json */ = {isa = PBXFileReference; fileEncoding = 4; lastKnownFileType = text.json; name = cities.json; path = "../../../../../../Downloads/citiesBase-master/cities.json"; sourceTree = "<group>"; };
		8B28CE9D287D9EFF00A6E249 /* CityNameModel.swift */ = {isa = PBXFileReference; lastKnownFileType = sourcecode.swift; path = CityNameModel.swift; sourceTree = "<group>"; };
		8B8C15CF287B012F0007A136 /* autocomplete.app */ = {isa = PBXFileReference; explicitFileType = wrapper.application; includeInIndex = 0; path = autocomplete.app; sourceTree = BUILT_PRODUCTS_DIR; };
		8B8C15D2287B012F0007A136 /* AppDelegate.swift */ = {isa = PBXFileReference; lastKnownFileType = sourcecode.swift; path = AppDelegate.swift; sourceTree = "<group>"; };
		8B8C15D6287B012F0007A136 /* ViewController.swift */ = {isa = PBXFileReference; lastKnownFileType = sourcecode.swift; path = ViewController.swift; sourceTree = "<group>"; };
		8B8C15D9287B012F0007A136 /* Base */ = {isa = PBXFileReference; lastKnownFileType = file.storyboard; name = Base; path = Base.lproj/Main.storyboard; sourceTree = "<group>"; };
		8B8C15DB287B01350007A136 /* Assets.xcassets */ = {isa = PBXFileReference; lastKnownFileType = folder.assetcatalog; path = Assets.xcassets; sourceTree = "<group>"; };
		8B8C15DE287B01350007A136 /* Base */ = {isa = PBXFileReference; lastKnownFileType = file.storyboard; name = Base; path = Base.lproj/LaunchScreen.storyboard; sourceTree = "<group>"; };
		8B8C15E0287B01350007A136 /* Info.plist */ = {isa = PBXFileReference; lastKnownFileType = text.plist.xml; path = Info.plist; sourceTree = "<group>"; };
		8B8C15E8287B41DD0007A136 /* CityModel.swift */ = {isa = PBXFileReference; lastKnownFileType = sourcecode.swift; path = CityModel.swift; sourceTree = "<group>"; };
/* End PBXFileReference section */

/* Begin PBXFrameworksBuildPhase section */
		8B8C15CC287B012F0007A136 /* Frameworks */ = {
			isa = PBXFrameworksBuildPhase;
			buildActionMask = 2147483647;
			files = (
			);
			runOnlyForDeploymentPostprocessing = 0;
		};
/* End PBXFrameworksBuildPhase section */

/* Begin PBXGroup section */
		8B8C15C6287B012F0007A136 = {
			isa = PBXGroup;
			children = (
				8B8C15D1287B012F0007A136 /* autocomplete */,
				8B8C15D0287B012F0007A136 /* Products */,
			);
			sourceTree = "<group>";
		};
		8B8C15D0287B012F0007A136 /* Products */ = {
			isa = PBXGroup;
			children = (
				8B8C15CF287B012F0007A136 /* autocomplete.app */,
			);
			name = Products;
			sourceTree = "<group>";
		};
		8B8C15D1287B012F0007A136 /* autocomplete */ = {
			isa = PBXGroup;
			children = (
				8B8C15D2287B012F0007A136 /* AppDelegate.swift */,
				8B8C15D6287B012F0007A136 /* ViewController.swift */,
				8B8C15E8287B41DD0007A136 /* CityModel.swift */,
				8B28CE9D287D9EFF00A6E249 /* CityNameModel.swift */,
				8B1142FC2885ABC7004B7719 /* cities.json */,
				8B8C15D8287B012F0007A136 /* Main.storyboard */,
				8B8C15DB287B01350007A136 /* Assets.xcassets */,
				8B8C15DD287B01350007A136 /* LaunchScreen.storyboard */,
				8B8C15E0287B01350007A136 /* Info.plist */,
			);
			path = autocomplete;
			sourceTree = "<group>";
		};
/* End PBXGroup section */

/* Begin PBXNativeTarget section */
		8B8C15CE287B012F0007A136 /* autocomplete */ = {
			isa = PBXNativeTarget;
			buildConfigurationList = 8B8C15E3287B01350007A136 /* Build configuration list for PBXNativeTarget "autocomplete" */;
			buildPhases = (
				8B8C15CB287B012F0007A136 /* Sources */,
				8B8C15CC287B012F0007A136 /* Frameworks */,
				8B8C15CD287B012F0007A136 /* Resources */,
			);
			buildRules = (
			);
			dependencies = (
			);
			name = autocomplete;
			productName = autocomplete;
			productReference = 8B8C15CF287B012F0007A136 /* autocomplete.app */;
			productType = "com.apple.product-type.application";
		};
/* End PBXNativeTarget section */

/* Begin PBXProject section */
		8B8C15C7287B012F0007A136 /* Project object */ = {
			isa = PBXProject;
			attributes = {
				BuildIndependentTargetsInParallel = 1;
				LastSwiftUpdateCheck = 1340;
				LastUpgradeCheck = 1340;
				TargetAttributes = {
					8B8C15CE287B012F0007A136 = {
						CreatedOnToolsVersion = 13.4.1;
					};
				};
			};
			buildConfigurationList = 8B8C15CA287B012F0007A136 /* Build configuration list for PBXProject "autocomplete" */;
			compatibilityVersion = "Xcode 13.0";
			developmentRegion = en;
			hasScannedForEncodings = 0;
			knownRegions = (
				en,
				Base,
			);
			mainGroup = 8B8C15C6287B012F0007A136;
			productRefGroup = 8B8C15D0287B012F0007A136 /* Products */;
			projectDirPath = "";
			projectRoot = "";
			targets = (
				8B8C15CE287B012F0007A136 /* autocomplete */,
			);
		};
/* End PBXProject section */

/* Begin PBXResourcesBuildPhase section */
		8B8C15CD287B012F0007A136 /* Resources */ = {
			isa = PBXResourcesBuildPhase;
			buildActionMask = 2147483647;
			files = (
				8B1142FD2885ABC7004B7719 /* cities.json in Resources */,
				8B8C15DF287B01350007A136 /* LaunchScreen.storyboard in Resources */,
				8B8C15DC287B01350007A136 /* Assets.xcassets in Resources */,
				8B8C15DA287B012F0007A136 /* Main.storyboard in Resources */,
			);
			runOnlyForDeploymentPostprocessing = 0;
		};
/* End PBXResourcesBuildPhase section */

/* Begin PBXSourcesBuildPhase section */
		8B8C15CB287B012F0007A136 /* Sources */ = {
			isa = PBXSourcesBuildPhase;
			buildActionMask = 2147483647;
			files = (
				8B8C15D7287B012F0007A136 /* ViewController.swift in Sources */,
				8B28CE9E287D9EFF00A6E249 /* CityNameModel.swift in Sources */,
				8B8C15D3287B012F0007A136 /* AppDelegate.swift in Sources */,
				8B8C15E9287B41DD0007A136 /* CityModel.swift in Sources */,
			);
			runOnlyForDeploymentPostprocessing = 0;
		};
/* End PBXSourcesBuildPhase section */

/* Begin PBXVariantGroup section */
		8B8C15D8287B012F0007A136 /* Main.storyboard */ = {
			isa = PBXVariantGroup;
			children = (
				8B8C15D9287B012F0007A136 /* Base */,
			);
			name = Main.storyboard;
			sourceTree = "<group>";
		};
		8B8C15DD287B01350007A136 /* LaunchScreen.storyboard */ = {
			isa = PBXVariantGroup;
			children = (
				8B8C15DE287B01350007A136 /* Base */,
			);
			name = LaunchScreen.storyboard;
			sourceTree = "<group>";
		};
/* End PBXVariantGroup section */

/* Begin XCBuildConfiguration section */
		8B8C15E1287B01350007A136 /* Debug */ = {
			isa = XCBuildConfiguration;
			buildSettings = {
				ALWAYS_SEARCH_USER_PATHS = NO;
				CLANG_ANALYZER_NONNULL = YES;
				CLANG_ANALYZER_NUMBER_OBJECT_CONVERSION = YES_AGGRESSIVE;
				CLANG_CXX_LANGUAGE_STANDARD = "gnu++17";
				CLANG_ENABLE_MODULES = YES;
				CLANG_ENABLE_OBJC_ARC = YES;
				CLANG_ENABLE_OBJC_WEAK = YES;
				CLANG_WARN_BLOCK_CAPTURE_AUTORELEASING = YES;
				CLANG_WARN_BOOL_CONVERSION = YES;
				CLANG_WARN_COMMA = YES;
				CLANG_WARN_CONSTANT_CONVERSION = YES;
				CLANG_WARN_DEPRECATED_OBJC_IMPLEMENTATIONS = YES;
				CLANG_WARN_DIRECT_OBJC_ISA_USAGE = YES_ERROR;
				CLANG_WARN_DOCUMENTATION_COMMENTS = YES;
				CLANG_WARN_EMPTY_BODY = YES;
				CLANG_WARN_ENUM_CONVERSION = YES;
				CLANG_WARN_INFINITE_RECURSION = YES;
				CLANG_WARN_INT_CONVERSION = YES;
				CLANG_WARN_NON_LITERAL_NULL_CONVERSION = YES;
				CLANG_WARN_OBJC_IMPLICIT_RETAIN_SELF = YES;
				CLANG_WARN_OBJC_LITERAL_CONVERSION = YES;
				CLANG_WARN_OBJC_ROOT_CLASS = YES_ERROR;
				CLANG_WARN_QUOTED_INCLUDE_IN_FRAMEWORK_HEADER = YES;
				CLANG_WARN_RANGE_LOOP_ANALYSIS = YES;
				CLANG_WARN_STRICT_PROTOTYPES = YES;
				CLANG_WARN_SUSPICIOUS_MOVE = YES;
				CLANG_WARN_UNGUARDED_AVAILABILITY = YES_AGGRESSIVE;
				CLANG_WARN_UNREACHABLE_CODE = YES;
				CLANG_WARN__DUPLICATE_METHOD_MATCH = YES;
				COPY_PHASE_STRIP = NO;
				DEBUG_INFORMATION_FORMAT = dwarf;
				ENABLE_STRICT_OBJC_MSGSEND = YES;
				ENABLE_TESTABILITY = YES;
				GCC_C_LANGUAGE_STANDARD = gnu11;
				GCC_DYNAMIC_NO_PIC = NO;
				GCC_NO_COMMON_BLOCKS = YES;
				GCC_OPTIMIZATION_LEVEL = 0;
				GCC_PREPROCESSOR_DEFINITIONS = (
					"DEBUG=1",
					"$(inherited)",
				);
				GCC_WARN_64_TO_32_BIT_CONVERSION = YES;
				GCC_WARN_ABOUT_RETURN_TYPE = YES_ERROR;
				GCC_WARN_UNDECLARED_SELECTOR = YES;
				GCC_WARN_UNINITIALIZED_AUTOS = YES_AGGRESSIVE;
				GCC_WARN_UNUSED_FUNCTION = YES;
				GCC_WARN_UNUSED_VARIABLE = YES;
				IPHONEOS_DEPLOYMENT_TARGET = 15.5;
				MTL_ENABLE_DEBUG_INFO = INCLUDE_SOURCE;
				MTL_FAST_MATH = YES;
				ONLY_ACTIVE_ARCH = YES;
				SDKROOT = iphoneos;
				SWIFT_ACTIVE_COMPILATION_CONDITIONS = DEBUG;
				SWIFT_OPTIMIZATION_LEVEL = "-Onone";
			};
			name = Debug;
		};
		8B8C15E2287B01350007A136 /* Release */ = {
			isa = XCBuildConfiguration;
			buildSettings = {
				ALWAYS_SEARCH_USER_PATHS = NO;
				CLANG_ANALYZER_NONNULL = YES;
				CLANG_ANALYZER_NUMBER_OBJECT_CONVERSION = YES_AGGRESSIVE;
				CLANG_CXX_LANGUAGE_STANDARD = "gnu++17";
				CLANG_ENABLE_MODULES = YES;
				CLANG_ENABLE_OBJC_ARC = YES;
				CLANG_ENABLE_OBJC_WEAK = YES;
				CLANG_WARN_BLOCK_CAPTURE_AUTORELEASING = YES;
				CLANG_WARN_BOOL_CONVERSION = YES;
				CLANG_WARN_COMMA = YES;
				CLANG_WARN_CONSTANT_CONVERSION = YES;
				CLANG_WARN_DEPRECATED_OBJC_IMPLEMENTATIONS = YES;
				CLANG_WARN_DIRECT_OBJC_ISA_USAGE = YES_ERROR;
				CLANG_WARN_DOCUMENTATION_COMMENTS = YES;
				CLANG_WARN_EMPTY_BODY = YES;
				CLANG_WARN_ENUM_CONVERSION = YES;
				CLANG_WARN_INFINITE_RECURSION = YES;
				CLANG_WARN_INT_CONVERSION = YES;
				CLANG_WARN_NON_LITERAL_NULL_CONVERSION = YES;
				CLANG_WARN_OBJC_IMPLICIT_RETAIN_SELF = YES;
				CLANG_WARN_OBJC_LITERAL_CONVERSION = YES;
				CLANG_WARN_OBJC_ROOT_CLASS = YES_ERROR;
				CLANG_WARN_QUOTED_INCLUDE_IN_FRAMEWORK_HEADER = YES;
				CLANG_WARN_RANGE_LOOP_ANALYSIS = YES;
				CLANG_WARN_STRICT_PROTOTYPES = YES;
				CLANG_WARN_SUSPICIOUS_MOVE = YES;
				CLANG_WARN_UNGUARDED_AVAILABILITY = YES_AGGRESSIVE;
				CLANG_WARN_UNREACHABLE_CODE = YES;
				CLANG_WARN__DUPLICATE_METHOD_MATCH = YES;
				COPY_PHASE_STRIP = NO;
				DEBUG_INFORMATION_FORMAT = "dwarf-with-dsym";
				ENABLE_NS_ASSERTIONS = NO;
				ENABLE_STRICT_OBJC_MSGSEND = YES;
				GCC_C_LANGUAGE_STANDARD = gnu11;
				GCC_NO_COMMON_BLOCKS = YES;
				GCC_WARN_64_TO_32_BIT_CONVERSION = YES;
				GCC_WARN_ABOUT_RETURN_TYPE = YES_ERROR;
				GCC_WARN_UNDECLARED_SELECTOR = YES;
				GCC_WARN_UNINITIALIZED_AUTOS = YES_AGGRESSIVE;
				GCC_WARN_UNUSED_FUNCTION = YES;
				GCC_WARN_UNUSED_VARIABLE = YES;
				IPHONEOS_DEPLOYMENT_TARGET = 15.5;
				MTL_ENABLE_DEBUG_INFO = NO;
				MTL_FAST_MATH = YES;
				SDKROOT = iphoneos;
				SWIFT_COMPILATION_MODE = wholemodule;
				SWIFT_OPTIMIZATION_LEVEL = "-O";
				VALIDATE_PRODUCT = YES;
			};
			name = Release;
		};
		8B8C15E4287B01350007A136 /* Debug */ = {
			isa = XCBuildConfiguration;
			buildSettings = {
				ASSETCATALOG_COMPILER_APPICON_NAME = AppIcon;
				ASSETCATALOG_COMPILER_GLOBAL_ACCENT_COLOR_NAME = AccentColor;
				CODE_SIGN_STYLE = Automatic;
				CURRENT_PROJECT_VERSION = 1;
				DEVELOPMENT_TEAM = 698W6FDU3B;
				GENERATE_INFOPLIST_FILE = YES;
				INFOPLIST_FILE = autocomplete/Info.plist;
				INFOPLIST_KEY_UIApplicationSupportsIndirectInputEvents = YES;
				INFOPLIST_KEY_UILaunchStoryboardName = LaunchScreen;
				INFOPLIST_KEY_UIMainStoryboardFile = Main;
				INFOPLIST_KEY_UISupportedInterfaceOrientations_iPad = "UIInterfaceOrientationPortrait UIInterfaceOrientationPortraitUpsideDown UIInterfaceOrientationLandscapeLeft UIInterfaceOrientationLandscapeRight";
				INFOPLIST_KEY_UISupportedInterfaceOrientations_iPhone = "UIInterfaceOrientationPortrait UIInterfaceOrientationLandscapeLeft UIInterfaceOrientationLandscapeRight";
				LD_RUNPATH_SEARCH_PATHS = (
					"$(inherited)",
					"@executable_path/Frameworks",
				);
				MARKETING_VERSION = 1.0;
				PRODUCT_BUNDLE_IDENTIFIER = com.vKozinets.autocomplete;
				PRODUCT_NAME = "$(TARGET_NAME)";
				SWIFT_EMIT_LOC_STRINGS = YES;
				SWIFT_VERSION = 5.0;
				TARGETED_DEVICE_FAMILY = 1;
			};
			name = Debug;
		};
		8B8C15E5287B01350007A136 /* Release */ = {
			isa = XCBuildConfiguration;
			buildSettings = {
				ASSETCATALOG_COMPILER_APPICON_NAME = AppIcon;
				ASSETCATALOG_COMPILER_GLOBAL_ACCENT_COLOR_NAME = AccentColor;
				CODE_SIGN_STYLE = Automatic;
				CURRENT_PROJECT_VERSION = 1;
				DEVELOPMENT_TEAM = 698W6FDU3B;
				GENERATE_INFOPLIST_FILE = YES;
				INFOPLIST_FILE = autocomplete/Info.plist;
				INFOPLIST_KEY_UIApplicationSupportsIndirectInputEvents = YES;
				INFOPLIST_KEY_UILaunchStoryboardName = LaunchScreen;
				INFOPLIST_KEY_UIMainStoryboardFile = Main;
				INFOPLIST_KEY_UISupportedInterfaceOrientations_iPad = "UIInterfaceOrientationPortrait UIInterfaceOrientationPortraitUpsideDown UIInterfaceOrientationLandscapeLeft UIInterfaceOrientationLandscapeRight";
				INFOPLIST_KEY_UISupportedInterfaceOrientations_iPhone = "UIInterfaceOrientationPortrait UIInterfaceOrientationLandscapeLeft UIInterfaceOrientationLandscapeRight";
				LD_RUNPATH_SEARCH_PATHS = (
					"$(inherited)",
					"@executable_path/Frameworks",
				);
				MARKETING_VERSION = 1.0;
				PRODUCT_BUNDLE_IDENTIFIER = com.vKozinets.autocomplete;
				PRODUCT_NAME = "$(TARGET_NAME)";
				SWIFT_EMIT_LOC_STRINGS = YES;
				SWIFT_VERSION = 5.0;
				TARGETED_DEVICE_FAMILY = 1;
			};
			name = Release;
		};
/* End XCBuildConfiguration section */

/* Begin XCConfigurationList section */
		8B8C15CA287B012F0007A136 /* Build configuration list for PBXProject "autocomplete" */ = {
			isa = XCConfigurationList;
			buildConfigurations = (
				8B8C15E1287B01350007A136 /* Debug */,
				8B8C15E2287B01350007A136 /* Release */,
			);
			defaultConfigurationIsVisible = 0;
			defaultConfigurationName = Release;
		};
		8B8C15E3287B01350007A136 /* Build configuration list for PBXNativeTarget "autocomplete" */ = {
			isa = XCConfigurationList;
			buildConfigurations = (
				8B8C15E4287B01350007A136 /* Debug */,
				8B8C15E5287B01350007A136 /* Release */,
			);
			defaultConfigurationIsVisible = 0;
			defaultConfigurationName = Release;
		};
/* End XCConfigurationList section */
	};
	rootObject = 8B8C15C7287B012F0007A136 /* Project object */;
}
